
Microsoft Visual Studio Solution File, Format Version 12.00
# Visual Studio Version 17
VisualStudioVersion = 17.6.33723.286
MinimumVisualStudioVersion = 10.0.40219.1
Project("{9A19103F-16F7-4668-BE54-9A1E7A4F7556}") = "Crawer_JobList_104", "Crawer_JobList_104\Crawer_JobList_104.csproj", "{D292AB49-3147-4560-B3FE-8A598ADA6DC0}"
EndProject
Project("{9A19103F-16F7-4668-BE54-9A1E7A4F7556}") = "Model", "Model\Model.csproj", "{76B7FAB4-A0C6-4CD0-AB86-0AA5E0594AE0}"
EndProject
Project("{FAE04EC0-301F-11D3-BF4B-00C04F79EFBC}") = "Crawer_JobInfo_104", "Crawer_JobInfo_104\Crawer_JobInfo_104.csproj", "{10242924-C7FA-4A07-A306-03693EA42EC5}"
EndProject
Project("{FAE04EC0-301F-11D3-BF4B-00C04F79EFBC}") = "Service", "Service\Service.csproj", "{21E7480A-19CC-4BB8-820B-0B45C71A1349}"
EndProject
Global
	GlobalSection(SolutionConfigurationPlatforms) = preSolution
		Debug|Any CPU = Debug|Any CPU
		Release|Any CPU = Release|Any CPU
	EndGlobalSection
	GlobalSection(ProjectConfigurationPlatforms) = postSolution
		{D292AB49-3147-4560-B3FE-8A598ADA6DC0}.Debug|Any CPU.ActiveCfg = Debug|Any CPU
		{D292AB49-3147-4560-B3FE-8A598ADA6DC0}.Debug|Any CPU.Build.0 = Debug|Any CPU
		{D292AB49-3147-4560-B3FE-8A598ADA6DC0}.Release|Any CPU.ActiveCfg = Release|Any CPU
		{D292AB49-3147-4560-B3FE-8A598ADA6DC0}.Release|Any CPU.Build.0 = Release|Any CPU
		{76B7FAB4-A0C6-4CD0-AB86-0AA5E0594AE0}.Debug|Any CPU.ActiveCfg = Debug|Any CPU
		{76B7FAB4-A0C6-4CD0-AB86-0AA5E0594AE0}.Debug|Any CPU.Build.0 = Debug|Any CPU
		{76B7FAB4-A0C6-4CD0-AB86-0AA5E0594AE0}.Release|Any CPU.ActiveCfg = Release|Any CPU
		{76B7FAB4-A0C6-4CD0-AB86-0AA5E0594AE0}.Release|Any CPU.Build.0 = Release|Any CPU
		{10242924-C7FA-4A07-A306-03693EA42EC5}.Debug|Any CPU.ActiveCfg = Debug|Any CPU
		{10242924-C7FA-4A07-A306-03693EA42EC5}.Debug|Any CPU.Build.0 = Debug|Any CPU
		{10242924-C7FA-4A07-A306-03693EA42EC5}.Release|Any CPU.ActiveCfg = Release|Any CPU
		{10242924-C7FA-4A07-A306-03693EA42EC5}.Release|Any CPU.Build.0 = Release|Any CPU
		{21E7480A-19CC-4BB8-820B-0B45C71A1349}.Debug|Any CPU.ActiveCfg = Debug|Any CPU
		{21E7480A-19CC-4BB8-820B-0B45C71A1349}.Debug|Any CPU.Build.0 = Debug|Any CPU
		{21E7480A-19CC-4BB8-820B-0B45C71A1349}.Release|Any CPU.ActiveCfg = Release|Any CPU
		{21E7480A-19CC-4BB8-820B-0B45C71A1349}.Release|Any CPU.Build.0 = Release|Any CPU
	EndGlobalSection
	GlobalSection(SolutionProperties) = preSolution
		HideSolutionNode = FALSE
	EndGlobalSection
	GlobalSection(ExtensibilityGlobals) = postSolution
		SolutionGuid = {DEF2790B-640B-4577-8E00-F0198CBC1C73}
	EndGlobalSection
EndGlobal
