
Microsoft Visual Studio Solution File, Format Version 12.00
# Visual Studio Version 17
VisualStudioVersion = 17.6.33723.286
MinimumVisualStudioVersion = 10.0.40219.1
Project("{9A19103F-16F7-4668-BE54-9A1E7A4F7556}") = "Model", "Model\Model.csproj", "{76B7FAB4-A0C6-4CD0-AB86-0AA5E0594AE0}"
EndProject
Project("{9A19103F-16F7-4668-BE54-9A1E7A4F7556}") = "Service", "Service\Service.csproj", "{21E7480A-19CC-4BB8-820B-0B45C71A1349}"
EndProject
Project("{9A19103F-16F7-4668-BE54-9A1E7A4F7556}") = "Crawer_104", "Crawer_104\Crawer_104.csproj", "{11E73913-BFBB-4483-A1FD-110D86597F71}"
EndProject
Project("{9A19103F-16F7-4668-BE54-9A1E7A4F7556}") = "Web", "Web\Web.csproj", "{C8DEB04A-7449-4703-A7B1-6EDD4AC9DD39}"
EndProject
Project("{9A19103F-16F7-4668-BE54-9A1E7A4F7556}") = "Crawer_CakeResume", "Crawer_CakeResume\Crawer_CakeResume.csproj", "{9BB15D6A-7C21-4B7E-9446-1A76928609ED}"
EndProject
Project("{FAE04EC0-301F-11D3-BF4B-00C04F79EFBC}") = "Test", "Test\Test.csproj", "{6F7D96D7-45DC-44F6-804E-2292E76B4975}"
EndProject
Global
	GlobalSection(SolutionConfigurationPlatforms) = preSolution
		Debug|Any CPU = Debug|Any CPU
		Release|Any CPU = Release|Any CPU
	EndGlobalSection
	GlobalSection(ProjectConfigurationPlatforms) = postSolution
		{76B7FAB4-A0C6-4CD0-AB86-0AA5E0594AE0}.Debug|Any CPU.ActiveCfg = Debug|Any CPU
		{76B7FAB4-A0C6-4CD0-AB86-0AA5E0594AE0}.Debug|Any CPU.Build.0 = Debug|Any CPU
		{76B7FAB4-A0C6-4CD0-AB86-0AA5E0594AE0}.Release|Any CPU.ActiveCfg = Release|Any CPU
		{76B7FAB4-A0C6-4CD0-AB86-0AA5E0594AE0}.Release|Any CPU.Build.0 = Release|Any CPU
		{21E7480A-19CC-4BB8-820B-0B45C71A1349}.Debug|Any CPU.ActiveCfg = Debug|Any CPU
		{21E7480A-19CC-4BB8-820B-0B45C71A1349}.Debug|Any CPU.Build.0 = Debug|Any CPU
		{21E7480A-19CC-4BB8-820B-0B45C71A1349}.Release|Any CPU.ActiveCfg = Release|Any CPU
		{21E7480A-19CC-4BB8-820B-0B45C71A1349}.Release|Any CPU.Build.0 = Release|Any CPU
		{11E73913-BFBB-4483-A1FD-110D86597F71}.Debug|Any CPU.ActiveCfg = Debug|Any CPU
		{11E73913-BFBB-4483-A1FD-110D86597F71}.Debug|Any CPU.Build.0 = Debug|Any CPU
		{11E73913-BFBB-4483-A1FD-110D86597F71}.Release|Any CPU.ActiveCfg = Release|Any CPU
		{11E73913-BFBB-4483-A1FD-110D86597F71}.Release|Any CPU.Build.0 = Release|Any CPU
		{C8DEB04A-7449-4703-A7B1-6EDD4AC9DD39}.Debug|Any CPU.ActiveCfg = Debug|Any CPU
		{C8DEB04A-7449-4703-A7B1-6EDD4AC9DD39}.Debug|Any CPU.Build.0 = Debug|Any CPU
		{C8DEB04A-7449-4703-A7B1-6EDD4AC9DD39}.Release|Any CPU.ActiveCfg = Release|Any CPU
		{C8DEB04A-7449-4703-A7B1-6EDD4AC9DD39}.Release|Any CPU.Build.0 = Release|Any CPU
		{9BB15D6A-7C21-4B7E-9446-1A76928609ED}.Debug|Any CPU.ActiveCfg = Debug|Any CPU
		{9BB15D6A-7C21-4B7E-9446-1A76928609ED}.Debug|Any CPU.Build.0 = Debug|Any CPU
		{9BB15D6A-7C21-4B7E-9446-1A76928609ED}.Release|Any CPU.ActiveCfg = Release|Any CPU
		{9BB15D6A-7C21-4B7E-9446-1A76928609ED}.Release|Any CPU.Build.0 = Release|Any CPU
		{6F7D96D7-45DC-44F6-804E-2292E76B4975}.Debug|Any CPU.ActiveCfg = Debug|Any CPU
		{6F7D96D7-45DC-44F6-804E-2292E76B4975}.Debug|Any CPU.Build.0 = Debug|Any CPU
		{6F7D96D7-45DC-44F6-804E-2292E76B4975}.Release|Any CPU.ActiveCfg = Release|Any CPU
		{6F7D96D7-45DC-44F6-804E-2292E76B4975}.Release|Any CPU.Build.0 = Release|Any CPU
	EndGlobalSection
	GlobalSection(SolutionProperties) = preSolution
		HideSolutionNode = FALSE
	EndGlobalSection
	GlobalSection(ExtensibilityGlobals) = postSolution
		SolutionGuid = {DEF2790B-640B-4577-8E00-F0198CBC1C73}
	EndGlobalSection
EndGlobal
